
Microsoft Visual Studio Solution File, Format Version 12.00
# Visual Studio 2012
Project("{FAE04EC0-301F-11D3-BF4B-00C04F79EFBC}") = "Task_20", "Task_20\Task_20.csproj", "{653DB581-B4BB-493D-AB7F-C1204F8DD39B}"
EndProject
Global
	GlobalSection(SolutionConfigurationPlatforms) = preSolution
		Debug|Any CPU = Debug|Any CPU
		Release|Any CPU = Release|Any CPU
	EndGlobalSection
	GlobalSection(ProjectConfigurationPlatforms) = postSolution
		{653DB581-B4BB-493D-AB7F-C1204F8DD39B}.Debug|Any CPU.ActiveCfg = Debug|Any CPU
		{653DB581-B4BB-493D-AB7F-C1204F8DD39B}.Debug|Any CPU.Build.0 = Debug|Any CPU
		{653DB581-B4BB-493D-AB7F-C1204F8DD39B}.Release|Any CPU.ActiveCfg = Release|Any CPU
		{653DB581-B4BB-493D-AB7F-C1204F8DD39B}.Release|Any CPU.Build.0 = Release|Any CPU
	EndGlobalSection
	GlobalSection(SolutionProperties) = preSolution
		HideSolutionNode = FALSE
	EndGlobalSection
EndGlobal
